
Microsoft Visual Studio Solution File, Format Version 12.00
# Visual Studio 15
VisualStudioVersion = 15.0.26730.16
MinimumVisualStudioVersion = 10.0.40219.1
Project("{FAE04EC0-301F-11D3-BF4B-00C04F79EFBC}") = "GUI", "GUI\GUI.csproj", "{1A76E589-1DAE-4C88-811C-B976AC70FC50}"
EndProject
Project("{FAE04EC0-301F-11D3-BF4B-00C04F79EFBC}") = "Logic", "Logic\Logic.csproj", "{894CC3E5-996B-4079-9E39-4C7DFCB1867F}"
EndProject
Project("{FAE04EC0-301F-11D3-BF4B-00C04F79EFBC}") = "Data", "Data\Data.csproj", "{B54A41A5-323A-4129-BC34-E489E06D2BB4}"
EndProject
Global
	GlobalSection(SolutionConfigurationPlatforms) = preSolution
		Debug|Any CPU = Debug|Any CPU
		Release|Any CPU = Release|Any CPU
	EndGlobalSection
	GlobalSection(ProjectConfigurationPlatforms) = postSolution
		{1A76E589-1DAE-4C88-811C-B976AC70FC50}.Debug|Any CPU.ActiveCfg = Debug|Any CPU
		{1A76E589-1DAE-4C88-811C-B976AC70FC50}.Debug|Any CPU.Build.0 = Debug|Any CPU
		{1A76E589-1DAE-4C88-811C-B976AC70FC50}.Release|Any CPU.ActiveCfg = Release|Any CPU
		{1A76E589-1DAE-4C88-811C-B976AC70FC50}.Release|Any CPU.Build.0 = Release|Any CPU
		{894CC3E5-996B-4079-9E39-4C7DFCB1867F}.Debug|Any CPU.ActiveCfg = Debug|Any CPU
		{894CC3E5-996B-4079-9E39-4C7DFCB1867F}.Debug|Any CPU.Build.0 = Debug|Any CPU
		{894CC3E5-996B-4079-9E39-4C7DFCB1867F}.Release|Any CPU.ActiveCfg = Release|Any CPU
		{894CC3E5-996B-4079-9E39-4C7DFCB1867F}.Release|Any CPU.Build.0 = Release|Any CPU
		{B54A41A5-323A-4129-BC34-E489E06D2BB4}.Debug|Any CPU.ActiveCfg = Debug|Any CPU
		{B54A41A5-323A-4129-BC34-E489E06D2BB4}.Debug|Any CPU.Build.0 = Debug|Any CPU
		{B54A41A5-323A-4129-BC34-E489E06D2BB4}.Release|Any CPU.ActiveCfg = Release|Any CPU
		{B54A41A5-323A-4129-BC34-E489E06D2BB4}.Release|Any CPU.Build.0 = Release|Any CPU
	EndGlobalSection
	GlobalSection(SolutionProperties) = preSolution
		HideSolutionNode = FALSE
	EndGlobalSection
	GlobalSection(ExtensibilityGlobals) = postSolution
		SolutionGuid = {4931E08A-EAB6-4A78-83BA-68CBBE4366DC}
	EndGlobalSection
EndGlobal
